<?xml version="1.0" encoding="utf-8"?>
<Project ToolsVersion="4.0" xmlns="http://schemas.microsoft.com/developer/msbuild/2003">
  <ItemGroup>
    <ClCompile Include="main.cpp" />
    <ClCompile Include="CGraphics.cpp">
      <Filter>Graphics</Filter>
    </ClCompile>
    <ClCompile Include="CEngine.cpp">
      <Filter>Engine</Filter>
    </ClCompile>
    <ClCompile Include="CSomething.cpp">
      <Filter>Engine\Something</Filter>
    </ClCompile>
    <ClCompile Include="CCharacter.cpp">
      <Filter>Engine\Something\Character</Filter>
    </ClCompile>
    <ClCompile Include="CItem.cpp">
      <Filter>Engine\Something\Item</Filter>
    </ClCompile>
    <ClCompile Include="CEnemy.cpp">
      <Filter>Engine\Something\Enemy</Filter>
    </ClCompile>
    <ClCompile Include="CTexture.cpp">
      <Filter>Graphics\Texture</Filter>
    </ClCompile>
  </ItemGroup>
  <ItemGroup>
    <Filter Include="Graphics">
      <UniqueIdentifier>{4b384506-1079-461f-a3a4-6d9254899a57}</UniqueIdentifier>
    </Filter>
    <Filter Include="Engine">
      <UniqueIdentifier>{03af6b37-0658-4e6e-a1c4-200b91c17a0a}</UniqueIdentifier>
    </Filter>
    <Filter Include="Engine\Something">
      <UniqueIdentifier>{9e11d2c9-3056-4d4f-832f-b51812a15539}</UniqueIdentifier>
    </Filter>
    <Filter Include="Engine\Something\Character">
      <UniqueIdentifier>{4b514e1a-ce2d-44cf-bdf6-3e3dcc712cf1}</UniqueIdentifier>
    </Filter>
    <Filter Include="Engine\Something\Item">
      <UniqueIdentifier>{e8d90706-66a4-43c1-8d5e-3e6a226b2c14}</UniqueIdentifier>
    </Filter>
    <Filter Include="Engine\Something\Enemy">
      <UniqueIdentifier>{efad30f2-deec-4d16-8df2-e14419378521}</UniqueIdentifier>
    </Filter>
    <Filter Include="Graphics\Texture">
      <UniqueIdentifier>{c718ed6f-6415-46f3-b22c-b2ff30fb6af7}</UniqueIdentifier>
    </Filter>
  </ItemGroup>
  <ItemGroup>
    <ClInclude Include="CGraphics.h">
      <Filter>Graphics</Filter>
    </ClInclude>
    <ClInclude Include="CEngine.h">
      <Filter>Engine</Filter>
    </ClInclude>
    <ClInclude Include="CSomething.h">
      <Filter>Engine\Something</Filter>
    </ClInclude>
    <ClInclude Include="CCharacter.h">
      <Filter>Engine\Something\Character</Filter>
    </ClInclude>
    <ClInclude Include="CItem.h">
      <Filter>Engine\Something\Item</Filter>
    </ClInclude>
    <ClInclude Include="CEnemy.h">
      <Filter>Engine\Something\Enemy</Filter>
    </ClInclude>
    <ClInclude Include="CTexture.h">
      <Filter>Graphics\Texture</Filter>
    </ClInclude>
  </ItemGroup>
</Project>